# This file is automatically @generated by Cargo.
# It is not intended for manual editing.
version = 4

[[package]]
name = "bare-metal-evm"
version = "0.2.0"
dependencies = [
 "bare-metal-evm-keccak",
 "bare-metal-evm-nibble",
 "bare-metal-evm-rlp",
 "bare-metal-evm-state",
 "bare-metal-evm-trie",
 "bare-metal-evm-types",
 "hex",
]

[[package]]
name = "bare-metal-evm-keccak"
version = "0.2.0"
dependencies = [
 "hex",
]

[[package]]
name = "bare-metal-evm-nibble"
version = "0.2.0"
dependencies = [
 "hex",
]

[[package]]
name = "bare-metal-evm-rlp"
version = "0.2.0"
dependencies = [
 "bare-metal-evm-types",
 "hex",
]

[[package]]
name = "bare-metal-evm-state"
version = "0.2.0"
dependencies = [
 "bare-metal-evm-keccak",
 "bare-metal-evm-rlp",
 "bare-metal-evm-trie",
 "bare-metal-evm-types",
 "hex",
]

[[package]]
name = "bare-metal-evm-trie"
version = "0.2.0"
dependencies = [
 "bare-metal-evm-keccak",
 "bare-metal-evm-nibble",
 "bare-metal-evm-rlp",
 "hex",
]

[[package]]
name = "bare-metal-evm-types"
version = "0.2.0"
dependencies = [
 "hex",
]

[[package]]
name = "hex"
version = "0.4.3"
source = "registry+https://github.com/rust-lang/crates.io-index"
checksum = "7f24254aa9a54b5c858eaee2f5bccdb46aaf0e486a595ed5fd8f86ba55232a70"
